
Microsoft Visual Studio Solution File, Format Version 12.00
# Visual Studio Version 16
VisualStudioVersion = 16.0.34601.136
MinimumVisualStudioVersion = 10.0.40219.1
Project("{FAE04EC0-301F-11D3-BF4B-00C04F79EFBC}") = "WebApplication1", "WebApplication1\WebApplication1.csproj", "{AC2BF5F9-005A-4E02-89B0-77B0ACCF7ED6}"
EndProject
Global
	GlobalSection(SolutionConfigurationPlatforms) = preSolution
		Debug|Any CPU = Debug|Any CPU
		Release|Any CPU = Release|Any CPU
	EndGlobalSection
	GlobalSection(ProjectConfigurationPlatforms) = postSolution
		{AC2BF5F9-005A-4E02-89B0-77B0ACCF7ED6}.Debug|Any CPU.ActiveCfg = Debug|Any CPU
		{AC2BF5F9-005A-4E02-89B0-77B0ACCF7ED6}.Debug|Any CPU.Build.0 = Debug|Any CPU
		{AC2BF5F9-005A-4E02-89B0-77B0ACCF7ED6}.Release|Any CPU.ActiveCfg = Release|Any CPU
		{AC2BF5F9-005A-4E02-89B0-77B0ACCF7ED6}.Release|Any CPU.Build.0 = Release|Any CPU
	EndGlobalSection
	GlobalSection(SolutionProperties) = preSolution
		HideSolutionNode = FALSE
	EndGlobalSection
	GlobalSection(ExtensibilityGlobals) = postSolution
		SolutionGuid = {1650F2BB-1DD5-44C7-914E-A50FE97CEF17}
	EndGlobalSection
EndGlobal
